// !$*UTF8*$!
{
	archiveVersion = 1;
	classes = {
	};
	objectVersion = 51;
	objects = {

/* Begin PBXBuildFile section */
		35DB868A67C832A70FA875EB /* Pods_Color_Palette_Color_PaletteUITests.framework in Frameworks */ = {isa = PBXBuildFile; fileRef = 44D5153AA072E2741C20DC6C /* Pods_Color_Palette_Color_PaletteUITests.framework */; };
		D70116BE22A8A25300E5B6F7 /* PaletteGenerator.swift in Sources */ = {isa = PBXBuildFile; fileRef = D70116BD22A8A25300E5B6F7 /* PaletteGenerator.swift */; };
		D70116C022A8A29A00E5B6F7 /* HSV.swift in Sources */ = {isa = PBXBuildFile; fileRef = D70116BF22A8A29A00E5B6F7 /* HSV.swift */; };
		D70116C322A971FB00E5B6F7 /* ColorDetailViewController.swift in Sources */ = {isa = PBXBuildFile; fileRef = D70116C222A971FB00E5B6F7 /* ColorDetailViewController.swift */; };
		D70116C522A9993800E5B6F7 /* ColorCollectionViewCell.swift in Sources */ = {isa = PBXBuildFile; fileRef = D70116C422A9993800E5B6F7 /* ColorCollectionViewCell.swift */; };
		D702C03822A635F200CDD45B /* RGBA.swift in Sources */ = {isa = PBXBuildFile; fileRef = D702C03722A635F200CDD45B /* RGBA.swift */; };
		D72E9B4E22ACC5730080A045 /* ColorActivityItemProvider.swift in Sources */ = {isa = PBXBuildFile; fileRef = D72E9B4D22ACC5730080A045 /* ColorActivityItemProvider.swift */; };
		D73A4A3E22CFBD8F004D5E3F /* BallLongPressGestureRecognizer.swift in Sources */ = {isa = PBXBuildFile; fileRef = D73A4A3D22CFBD8F004D5E3F /* BallLongPressGestureRecognizer.swift */; };
		D761A72022AAB40300EF6896 /* BaseColorCollectionViewCell.swift in Sources */ = {isa = PBXBuildFile; fileRef = D761A71F22AAB40300EF6896 /* BaseColorCollectionViewCell.swift */; };
		D76890A022A848530035A8FD /* HarmonyProvider.swift in Sources */ = {isa = PBXBuildFile; fileRef = D768909F22A848530035A8FD /* HarmonyProvider.swift */; };
		D76890A222A8493C0035A8FD /* ColorsViewController.swift in Sources */ = {isa = PBXBuildFile; fileRef = D76890A122A8493C0035A8FD /* ColorsViewController.swift */; };
		D76890A422A853760035A8FD /* PaletteCollectionViewCell.swift in Sources */ = {isa = PBXBuildFile; fileRef = D76890A322A853760035A8FD /* PaletteCollectionViewCell.swift */; };
		D778A61E23D06F2800336B5D /* AnalyticsWrapper.swift in Sources */ = {isa = PBXBuildFile; fileRef = D778A61D23D06F2800336B5D /* AnalyticsWrapper.swift */; };
		D788ABBB2385905000715522 /* GoogleService-Info.plist in Resources */ = {isa = PBXBuildFile; fileRef = D788ABBA2385905000715522 /* GoogleService-Info.plist */; };
		D799256C22A55B93008596CF /* AppDelegate.swift in Sources */ = {isa = PBXBuildFile; fileRef = D799256B22A55B93008596CF /* AppDelegate.swift */; };
		D799256E22A55B93008596CF /* Shaders.metal in Sources */ = {isa = PBXBuildFile; fileRef = D799256D22A55B93008596CF /* Shaders.metal */; };
		D799257122A55B93008596CF /* Renderer.swift in Sources */ = {isa = PBXBuildFile; fileRef = D799257022A55B93008596CF /* Renderer.swift */; };
		D799257322A55B94008596CF /* ExploreViewController.swift in Sources */ = {isa = PBXBuildFile; fileRef = D799257222A55B94008596CF /* ExploreViewController.swift */; };
		D799257622A55B94008596CF /* Main.storyboard in Resources */ = {isa = PBXBuildFile; fileRef = D799257422A55B94008596CF /* Main.storyboard */; };
		D799257822A55B94008596CF /* Assets.xcassets in Resources */ = {isa = PBXBuildFile; fileRef = D799257722A55B94008596CF /* Assets.xcassets */; };
		D799257B22A55B94008596CF /* LaunchScreen.storyboard in Resources */ = {isa = PBXBuildFile; fileRef = D799257922A55B94008596CF /* LaunchScreen.storyboard */; };
		D799258722A55B94008596CF /* Color_PaletteTests.swift in Sources */ = {isa = PBXBuildFile; fileRef = D799258622A55B94008596CF /* Color_PaletteTests.swift */; };
		D799259222A55B94008596CF /* Color_PaletteUITests.swift in Sources */ = {isa = PBXBuildFile; fileRef = D799259122A55B94008596CF /* Color_PaletteUITests.swift */; };
		D7AAAEB022CC50140017A280 /* Tutorial.swift in Sources */ = {isa = PBXBuildFile; fileRef = D7AAAEAF22CC50140017A280 /* Tutorial.swift */; };
		D7ACB2C022ABEA460070F086 /* Sketch.swift in Sources */ = {isa = PBXBuildFile; fileRef = D7ACB2BF22ABEA460070F086 /* Sketch.swift */; };
		D7ACB2C222AC9AE70070F086 /* PaletteActivityItemProvider.swift in Sources */ = {isa = PBXBuildFile; fileRef = D7ACB2C122AC9AE70070F086 /* PaletteActivityItemProvider.swift */; };
		D7D3B26A23371DE9005A5A60 /* StoreKit.framework in Frameworks */ = {isa = PBXBuildFile; fileRef = D7D3B26923371DE9005A5A60 /* StoreKit.framework */; };
		D7D3B26D23371E3F005A5A60 /* StoreObserver.swift in Sources */ = {isa = PBXBuildFile; fileRef = D7D3B26C23371E3F005A5A60 /* StoreObserver.swift */; };
		D7E55A8922A9DE3F008A2CEA /* Palette.swift in Sources */ = {isa = PBXBuildFile; fileRef = D7E55A8822A9DE3F008A2CEA /* Palette.swift */; };
		D7E5EFFB22A7367D00E0C956 /* Overlay.swift in Sources */ = {isa = PBXBuildFile; fileRef = D7E5EFFA22A7367D00E0C956 /* Overlay.swift */; };
		D7EF368422AFF1B7006AF846 /* Serialize.swift in Sources */ = {isa = PBXBuildFile; fileRef = D7EF368322AFF1B7006AF846 /* Serialize.swift */; };
		D7EF368622AFF53D006AF846 /* DebugViewController.swift in Sources */ = {isa = PBXBuildFile; fileRef = D7EF368522AFF53D006AF846 /* DebugViewController.swift */; };
		DC830B7880CD15F66BA5AF34 /* Pods_Color_Palette.framework in Frameworks */ = {isa = PBXBuildFile; fileRef = 36395BA25FF149AECCD39297 /* Pods_Color_Palette.framework */; };
		F3E1DAC356B5731752563A4F /* Pods_Color_PaletteTests.framework in Frameworks */ = {isa = PBXBuildFile; fileRef = AF6B623100DA345CE0ABDB17 /* Pods_Color_PaletteTests.framework */; };
/* End PBXBuildFile section */

/* Begin PBXContainerItemProxy section */
		D799258322A55B94008596CF /* PBXContainerItemProxy */ = {
			isa = PBXContainerItemProxy;
			containerPortal = D799256022A55B93008596CF /* Project object */;
			proxyType = 1;
			remoteGlobalIDString = D799256722A55B93008596CF;
			remoteInfo = "Color Palette";
		};
		D799258E22A55B94008596CF /* PBXContainerItemProxy */ = {
			isa = PBXContainerItemProxy;
			containerPortal = D799256022A55B93008596CF /* Project object */;
			proxyType = 1;
			remoteGlobalIDString = D799256722A55B93008596CF;
			remoteInfo = "Color Palette";
		};
/* End PBXContainerItemProxy section */

/* Begin PBXFileReference section */
		21E3147A590120DB98FB0EB4 /* Pods-Color Palette.release.xcconfig */ = {isa = PBXFileReference; includeInIndex = 1; lastKnownFileType = text.xcconfig; name = "Pods-Color Palette.release.xcconfig"; path = "Target Support Files/Pods-Color Palette/Pods-Color Palette.release.xcconfig"; sourceTree = "<group>"; };
		36395BA25FF149AECCD39297 /* Pods_Color_Palette.framework */ = {isa = PBXFileReference; explicitFileType = wrapper.framework; includeInIndex = 0; path = Pods_Color_Palette.framework; sourceTree = BUILT_PRODUCTS_DIR; };
		3BF11392F93CA46B9E4AD3EB /* Pods-Color Palette.debug.xcconfig */ = {isa = PBXFileReference; includeInIndex = 1; lastKnownFileType = text.xcconfig; name = "Pods-Color Palette.debug.xcconfig"; path = "Target Support Files/Pods-Color Palette/Pods-Color Palette.debug.xcconfig"; sourceTree = "<group>"; };
		44D5153AA072E2741C20DC6C /* Pods_Color_Palette_Color_PaletteUITests.framework */ = {isa = PBXFileReference; explicitFileType = wrapper.framework; includeInIndex = 0; path = Pods_Color_Palette_Color_PaletteUITests.framework; sourceTree = BUILT_PRODUCTS_DIR; };
		46DEAA395B90F373E5DF469E /* Pods-Color Palette-Color PaletteUITests.release.xcconfig */ = {isa = PBXFileReference; includeInIndex = 1; lastKnownFileType = text.xcconfig; name = "Pods-Color Palette-Color PaletteUITests.release.xcconfig"; path = "Target Support Files/Pods-Color Palette-Color PaletteUITests/Pods-Color Palette-Color PaletteUITests.release.xcconfig"; sourceTree = "<group>"; };
		68E35DA96675D41977A6D734 /* Pods-Color PaletteTests.release.xcconfig */ = {isa = PBXFileReference; includeInIndex = 1; lastKnownFileType = text.xcconfig; name = "Pods-Color PaletteTests.release.xcconfig"; path = "Target Support Files/Pods-Color PaletteTests/Pods-Color PaletteTests.release.xcconfig"; sourceTree = "<group>"; };
		7B1790A86465C7139B03AEE6 /* Pods-Color Palette-Color PaletteUITests.debug.xcconfig */ = {isa = PBXFileReference; includeInIndex = 1; lastKnownFileType = text.xcconfig; name = "Pods-Color Palette-Color PaletteUITests.debug.xcconfig"; path = "Target Support Files/Pods-Color Palette-Color PaletteUITests/Pods-Color Palette-Color PaletteUITests.debug.xcconfig"; sourceTree = "<group>"; };
		AF6B623100DA345CE0ABDB17 /* Pods_Color_PaletteTests.framework */ = {isa = PBXFileReference; explicitFileType = wrapper.framework; includeInIndex = 0; path = Pods_Color_PaletteTests.framework; sourceTree = BUILT_PRODUCTS_DIR; };
		D70116BD22A8A25300E5B6F7 /* PaletteGenerator.swift */ = {isa = PBXFileReference; lastKnownFileType = sourcecode.swift; path = PaletteGenerator.swift; sourceTree = "<group>"; };
		D70116BF22A8A29A00E5B6F7 /* HSV.swift */ = {isa = PBXFileReference; lastKnownFileType = sourcecode.swift; path = HSV.swift; sourceTree = "<group>"; };
		D70116C222A971FB00E5B6F7 /* ColorDetailViewController.swift */ = {isa = PBXFileReference; lastKnownFileType = sourcecode.swift; path = ColorDetailViewController.swift; sourceTree = "<group>"; };
		D70116C422A9993800E5B6F7 /* ColorCollectionViewCell.swift */ = {isa = PBXFileReference; lastKnownFileType = sourcecode.swift; path = ColorCollectionViewCell.swift; sourceTree = "<group>"; };
		D702C03722A635F200CDD45B /* RGBA.swift */ = {isa = PBXFileReference; lastKnownFileType = sourcecode.swift; path = RGBA.swift; sourceTree = "<group>"; };
		D72E9B4D22ACC5730080A045 /* ColorActivityItemProvider.swift */ = {isa = PBXFileReference; lastKnownFileType = sourcecode.swift; path = ColorActivityItemProvider.swift; sourceTree = "<group>"; };
		D73A4A3D22CFBD8F004D5E3F /* BallLongPressGestureRecognizer.swift */ = {isa = PBXFileReference; lastKnownFileType = sourcecode.swift; path = BallLongPressGestureRecognizer.swift; sourceTree = "<group>"; };
		D761A71F22AAB40300EF6896 /* BaseColorCollectionViewCell.swift */ = {isa = PBXFileReference; lastKnownFileType = sourcecode.swift; path = BaseColorCollectionViewCell.swift; sourceTree = "<group>"; };
		D768909F22A848530035A8FD /* HarmonyProvider.swift */ = {isa = PBXFileReference; lastKnownFileType = sourcecode.swift; path = HarmonyProvider.swift; sourceTree = "<group>"; };
		D76890A122A8493C0035A8FD /* ColorsViewController.swift */ = {isa = PBXFileReference; lastKnownFileType = sourcecode.swift; path = ColorsViewController.swift; sourceTree = "<group>"; };
		D76890A322A853760035A8FD /* PaletteCollectionViewCell.swift */ = {isa = PBXFileReference; lastKnownFileType = sourcecode.swift; path = PaletteCollectionViewCell.swift; sourceTree = "<group>"; };
		D77781B922C134980059B8EC /* Color Palette.entitlements */ = {isa = PBXFileReference; lastKnownFileType = text.plist.entitlements; path = "Color Palette.entitlements"; sourceTree = "<group>"; };
		D778A61D23D06F2800336B5D /* AnalyticsWrapper.swift */ = {isa = PBXFileReference; lastKnownFileType = sourcecode.swift; path = AnalyticsWrapper.swift; sourceTree = "<group>"; };
		D788ABBA2385905000715522 /* GoogleService-Info.plist */ = {isa = PBXFileReference; fileEncoding = 4; lastKnownFileType = text.plist.xml; path = "GoogleService-Info.plist"; sourceTree = "<group>"; };
		D799256822A55B93008596CF /* Harmonify.app */ = {isa = PBXFileReference; explicitFileType = wrapper.application; includeInIndex = 0; path = Harmonify.app; sourceTree = BUILT_PRODUCTS_DIR; };
		D799256B22A55B93008596CF /* AppDelegate.swift */ = {isa = PBXFileReference; lastKnownFileType = sourcecode.swift; path = AppDelegate.swift; sourceTree = "<group>"; };
		D799256D22A55B93008596CF /* Shaders.metal */ = {isa = PBXFileReference; lastKnownFileType = sourcecode.metal; path = Shaders.metal; sourceTree = "<group>"; };
		D799256F22A55B93008596CF /* ShaderTypes.h */ = {isa = PBXFileReference; lastKnownFileType = sourcecode.c.h; path = ShaderTypes.h; sourceTree = "<group>"; };
		D799257022A55B93008596CF /* Renderer.swift */ = {isa = PBXFileReference; lastKnownFileType = sourcecode.swift; path = Renderer.swift; sourceTree = "<group>"; };
		D799257222A55B94008596CF /* ExploreViewController.swift */ = {isa = PBXFileReference; lastKnownFileType = sourcecode.swift; path = ExploreViewController.swift; sourceTree = "<group>"; };
		D799257522A55B94008596CF /* Base */ = {isa = PBXFileReference; lastKnownFileType = file.storyboard; name = Base; path = Base.lproj/Main.storyboard; sourceTree = "<group>"; };
		D799257722A55B94008596CF /* Assets.xcassets */ = {isa = PBXFileReference; lastKnownFileType = folder.assetcatalog; path = Assets.xcassets; sourceTree = "<group>"; };
		D799257A22A55B94008596CF /* Base */ = {isa = PBXFileReference; lastKnownFileType = file.storyboard; name = Base; path = Base.lproj/LaunchScreen.storyboard; sourceTree = "<group>"; };
		D799257C22A55B94008596CF /* Info.plist */ = {isa = PBXFileReference; lastKnownFileType = text.plist.xml; path = Info.plist; sourceTree = "<group>"; };
		D799257D22A55B94008596CF /* Color_Palette-Bridging-Header.h */ = {isa = PBXFileReference; lastKnownFileType = sourcecode.c.h; path = "Color_Palette-Bridging-Header.h"; sourceTree = "<group>"; };
		D799258222A55B94008596CF /* Color PaletteTests.xctest */ = {isa = PBXFileReference; explicitFileType = wrapper.cfbundle; includeInIndex = 0; path = "Color PaletteTests.xctest"; sourceTree = BUILT_PRODUCTS_DIR; };
		D799258622A55B94008596CF /* Color_PaletteTests.swift */ = {isa = PBXFileReference; lastKnownFileType = sourcecode.swift; path = Color_PaletteTests.swift; sourceTree = "<group>"; };
		D799258822A55B94008596CF /* Info.plist */ = {isa = PBXFileReference; lastKnownFileType = text.plist.xml; path = Info.plist; sourceTree = "<group>"; };
		D799258D22A55B94008596CF /* Color PaletteUITests.xctest */ = {isa = PBXFileReference; explicitFileType = wrapper.cfbundle; includeInIndex = 0; path = "Color PaletteUITests.xctest"; sourceTree = BUILT_PRODUCTS_DIR; };
		D799259122A55B94008596CF /* Color_PaletteUITests.swift */ = {isa = PBXFileReference; lastKnownFileType = sourcecode.swift; path = Color_PaletteUITests.swift; sourceTree = "<group>"; };
		D799259322A55B94008596CF /* Info.plist */ = {isa = PBXFileReference; lastKnownFileType = text.plist.xml; path = Info.plist; sourceTree = "<group>"; };
		D7AAAEAF22CC50140017A280 /* Tutorial.swift */ = {isa = PBXFileReference; lastKnownFileType = sourcecode.swift; path = Tutorial.swift; sourceTree = "<group>"; };
		D7ACB2BF22ABEA460070F086 /* Sketch.swift */ = {isa = PBXFileReference; lastKnownFileType = sourcecode.swift; path = Sketch.swift; sourceTree = "<group>"; };
		D7ACB2C122AC9AE70070F086 /* PaletteActivityItemProvider.swift */ = {isa = PBXFileReference; lastKnownFileType = sourcecode.swift; path = PaletteActivityItemProvider.swift; sourceTree = "<group>"; };
		D7D3B26923371DE9005A5A60 /* StoreKit.framework */ = {isa = PBXFileReference; lastKnownFileType = wrapper.framework; name = StoreKit.framework; path = System/Library/Frameworks/StoreKit.framework; sourceTree = SDKROOT; };
		D7D3B26C23371E3F005A5A60 /* StoreObserver.swift */ = {isa = PBXFileReference; lastKnownFileType = sourcecode.swift; path = StoreObserver.swift; sourceTree = "<group>"; };
		D7E55A8822A9DE3F008A2CEA /* Palette.swift */ = {isa = PBXFileReference; lastKnownFileType = sourcecode.swift; path = Palette.swift; sourceTree = "<group>"; };
		D7E5EFFA22A7367D00E0C956 /* Overlay.swift */ = {isa = PBXFileReference; lastKnownFileType = sourcecode.swift; path = Overlay.swift; sourceTree = "<group>"; };
		D7EF368322AFF1B7006AF846 /* Serialize.swift */ = {isa = PBXFileReference; lastKnownFileType = sourcecode.swift; path = Serialize.swift; sourceTree = "<group>"; };
		D7EF368522AFF53D006AF846 /* DebugViewController.swift */ = {isa = PBXFileReference; lastKnownFileType = sourcecode.swift; path = DebugViewController.swift; sourceTree = "<group>"; };
		F43A569212652BB47B7CC83B /* Pods-Color PaletteTests.debug.xcconfig */ = {isa = PBXFileReference; includeInIndex = 1; lastKnownFileType = text.xcconfig; name = "Pods-Color PaletteTests.debug.xcconfig"; path = "Target Support Files/Pods-Color PaletteTests/Pods-Color PaletteTests.debug.xcconfig"; sourceTree = "<group>"; };
/* End PBXFileReference section */

/* Begin PBXFrameworksBuildPhase section */
		D799256522A55B93008596CF /* Frameworks */ = {
			isa = PBXFrameworksBuildPhase;
			buildActionMask = 2147483647;
			files = (
				D7D3B26A23371DE9005A5A60 /* StoreKit.framework in Frameworks */,
				DC830B7880CD15F66BA5AF34 /* Pods_Color_Palette.framework in Frameworks */,
			);
			runOnlyForDeploymentPostprocessing = 0;
		};
		D799257F22A55B94008596CF /* Frameworks */ = {
			isa = PBXFrameworksBuildPhase;
			buildActionMask = 2147483647;
			files = (
				F3E1DAC356B5731752563A4F /* Pods_Color_PaletteTests.framework in Frameworks */,
			);
			runOnlyForDeploymentPostprocessing = 0;
		};
		D799258A22A55B94008596CF /* Frameworks */ = {
			isa = PBXFrameworksBuildPhase;
			buildActionMask = 2147483647;
			files = (
				35DB868A67C832A70FA875EB /* Pods_Color_Palette_Color_PaletteUITests.framework in Frameworks */,
			);
			runOnlyForDeploymentPostprocessing = 0;
		};
/* End PBXFrameworksBuildPhase section */

/* Begin PBXGroup section */
		0E240E725144302087862043 /* Pods */ = {
			isa = PBXGroup;
			children = (
				3BF11392F93CA46B9E4AD3EB /* Pods-Color Palette.debug.xcconfig */,
				21E3147A590120DB98FB0EB4 /* Pods-Color Palette.release.xcconfig */,
				7B1790A86465C7139B03AEE6 /* Pods-Color Palette-Color PaletteUITests.debug.xcconfig */,
				46DEAA395B90F373E5DF469E /* Pods-Color Palette-Color PaletteUITests.release.xcconfig */,
				F43A569212652BB47B7CC83B /* Pods-Color PaletteTests.debug.xcconfig */,
				68E35DA96675D41977A6D734 /* Pods-Color PaletteTests.release.xcconfig */,
			);
			path = Pods;
			sourceTree = "<group>";
		};
		D70116C122A8A2C700E5B6F7 /* model */ = {
			isa = PBXGroup;
			children = (
				D70116BD22A8A25300E5B6F7 /* PaletteGenerator.swift */,
				D768909F22A848530035A8FD /* HarmonyProvider.swift */,
				D7AAAEAF22CC50140017A280 /* Tutorial.swift */,
			);
			path = model;
			sourceTree = "<group>";
		};
		D799255F22A55B93008596CF = {
			isa = PBXGroup;
			children = (
				D799256A22A55B93008596CF /* Color Palette */,
				D799258522A55B94008596CF /* Color PaletteTests */,
				D799259022A55B94008596CF /* Color PaletteUITests */,
				D799256922A55B93008596CF /* Products */,
				D7D3B26823371DE9005A5A60 /* Frameworks */,
				0E240E725144302087862043 /* Pods */,
			);
			sourceTree = "<group>";
		};
		D799256922A55B93008596CF /* Products */ = {
			isa = PBXGroup;
			children = (
				D799256822A55B93008596CF /* Harmonify.app */,
				D799258222A55B94008596CF /* Color PaletteTests.xctest */,
				D799258D22A55B94008596CF /* Color PaletteUITests.xctest */,
			);
			name = Products;
			sourceTree = "<group>";
		};
		D799256A22A55B93008596CF /* Color Palette */ = {
			isa = PBXGroup;
			children = (
				D7D3B26B23371E18005A5A60 /* store */,
				D7D5F04E22C154C1001DF294 /* colorcore */,
				D7ACB2BE22ABEA2D0070F086 /* integration */,
				D7E5EFF922A7365E00E0C956 /* designables */,
				D70116C122A8A2C700E5B6F7 /* model */,
				D799257222A55B94008596CF /* ExploreViewController.swift */,
				D76890A122A8493C0035A8FD /* ColorsViewController.swift */,
				D778A61D23D06F2800336B5D /* AnalyticsWrapper.swift */,
				D70116C222A971FB00E5B6F7 /* ColorDetailViewController.swift */,
				D76890A322A853760035A8FD /* PaletteCollectionViewCell.swift */,
				D70116C422A9993800E5B6F7 /* ColorCollectionViewCell.swift */,
				D761A71F22AAB40300EF6896 /* BaseColorCollectionViewCell.swift */,
				D7EF368522AFF53D006AF846 /* DebugViewController.swift */,
				D799257422A55B94008596CF /* Main.storyboard */,
				D799256B22A55B93008596CF /* AppDelegate.swift */,
				D799257722A55B94008596CF /* Assets.xcassets */,
				D799256D22A55B93008596CF /* Shaders.metal */,
				D799256F22A55B93008596CF /* ShaderTypes.h */,
				D799257022A55B93008596CF /* Renderer.swift */,
				D799257922A55B94008596CF /* LaunchScreen.storyboard */,
				D799257C22A55B94008596CF /* Info.plist */,
				D788ABBA2385905000715522 /* GoogleService-Info.plist */,
				D77781B922C134980059B8EC /* Color Palette.entitlements */,
				D799257D22A55B94008596CF /* Color_Palette-Bridging-Header.h */,
				D73A4A3D22CFBD8F004D5E3F /* BallLongPressGestureRecognizer.swift */,
			);
			path = "Color Palette";
			sourceTree = "<group>";
		};
		D799258522A55B94008596CF /* Color PaletteTests */ = {
			isa = PBXGroup;
			children = (
				D799258622A55B94008596CF /* Color_PaletteTests.swift */,
				D799258822A55B94008596CF /* Info.plist */,
			);
			path = "Color PaletteTests";
			sourceTree = "<group>";
		};
		D799259022A55B94008596CF /* Color PaletteUITests */ = {
			isa = PBXGroup;
			children = (
				D799259122A55B94008596CF /* Color_PaletteUITests.swift */,
				D799259322A55B94008596CF /* Info.plist */,
			);
			path = "Color PaletteUITests";
			sourceTree = "<group>";
		};
		D7ACB2BE22ABEA2D0070F086 /* integration */ = {
			isa = PBXGroup;
			children = (
				D7ACB2BF22ABEA460070F086 /* Sketch.swift */,
				D7ACB2C122AC9AE70070F086 /* PaletteActivityItemProvider.swift */,
				D72E9B4D22ACC5730080A045 /* ColorActivityItemProvider.swift */,
			);
			path = integration;
			sourceTree = "<group>";
		};
		D7D3B26823371DE9005A5A60 /* Frameworks */ = {
			isa = PBXGroup;
			children = (
				D7D3B26923371DE9005A5A60 /* StoreKit.framework */,
				36395BA25FF149AECCD39297 /* Pods_Color_Palette.framework */,
				44D5153AA072E2741C20DC6C /* Pods_Color_Palette_Color_PaletteUITests.framework */,
				AF6B623100DA345CE0ABDB17 /* Pods_Color_PaletteTests.framework */,
			);
			name = Frameworks;
			sourceTree = "<group>";
		};
		D7D3B26B23371E18005A5A60 /* store */ = {
			isa = PBXGroup;
			children = (
				D7D3B26C23371E3F005A5A60 /* StoreObserver.swift */,
			);
			path = store;
			sourceTree = "<group>";
		};
		D7D5F04E22C154C1001DF294 /* colorcore */ = {
			isa = PBXGroup;
			children = (
				D70116BF22A8A29A00E5B6F7 /* HSV.swift */,
				D702C03722A635F200CDD45B /* RGBA.swift */,
				D7E55A8822A9DE3F008A2CEA /* Palette.swift */,
				D7EF368322AFF1B7006AF846 /* Serialize.swift */,
			);
			path = colorcore;
			sourceTree = "<group>";
		};
		D7E5EFF922A7365E00E0C956 /* designables */ = {
			isa = PBXGroup;
			children = (
				D7E5EFFA22A7367D00E0C956 /* Overlay.swift */,
			);
			path = designables;
			sourceTree = "<group>";
		};
/* End PBXGroup section */

/* Begin PBXNativeTarget section */
		D799256722A55B93008596CF /* Color Palette */ = {
			isa = PBXNativeTarget;
			buildConfigurationList = D799259622A55B94008596CF /* Build configuration list for PBXNativeTarget "Color Palette" */;
			buildPhases = (
				D9185B6F7B35FC6E1D212BE7 /* [CP] Check Pods Manifest.lock */,
				D799256422A55B93008596CF /* Sources */,
				D799256522A55B93008596CF /* Frameworks */,
				D799256622A55B93008596CF /* Resources */,
				6DC08F9D07E5D405C614F95C /* [CP] Embed Pods Frameworks */,
			);
			buildRules = (
			);
			dependencies = (
			);
			name = "Color Palette";
			productName = "Color Palette";
			productReference = D799256822A55B93008596CF /* Harmonify.app */;
			productType = "com.apple.product-type.application";
		};
		D799258122A55B94008596CF /* Color PaletteTests */ = {
			isa = PBXNativeTarget;
			buildConfigurationList = D799259922A55B94008596CF /* Build configuration list for PBXNativeTarget "Color PaletteTests" */;
			buildPhases = (
				E1C71EA5491098DDC9BD6FA3 /* [CP] Check Pods Manifest.lock */,
				D799257E22A55B94008596CF /* Sources */,
				D799257F22A55B94008596CF /* Frameworks */,
				D799258022A55B94008596CF /* Resources */,
			);
			buildRules = (
			);
			dependencies = (
				D799258422A55B94008596CF /* PBXTargetDependency */,
			);
			name = "Color PaletteTests";
			productName = "Color PaletteTests";
			productReference = D799258222A55B94008596CF /* Color PaletteTests.xctest */;
			productType = "com.apple.product-type.bundle.unit-test";
		};
		D799258C22A55B94008596CF /* Color PaletteUITests */ = {
			isa = PBXNativeTarget;
			buildConfigurationList = D799259C22A55B94008596CF /* Build configuration list for PBXNativeTarget "Color PaletteUITests" */;
			buildPhases = (
				8C7288F3D35CF324C2F57A9F /* [CP] Check Pods Manifest.lock */,
				D799258922A55B94008596CF /* Sources */,
				D799258A22A55B94008596CF /* Frameworks */,
				D799258B22A55B94008596CF /* Resources */,
				797B175045ECAEFA2A84CCAD /* [CP] Embed Pods Frameworks */,
			);
			buildRules = (
			);
			dependencies = (
				D799258F22A55B94008596CF /* PBXTargetDependency */,
			);
			name = "Color PaletteUITests";
			productName = "Color PaletteUITests";
			productReference = D799258D22A55B94008596CF /* Color PaletteUITests.xctest */;
			productType = "com.apple.product-type.bundle.ui-testing";
		};
/* End PBXNativeTarget section */

/* Begin PBXProject section */
		D799256022A55B93008596CF /* Project object */ = {
			isa = PBXProject;
			attributes = {
				LastSwiftUpdateCheck = 1020;
				LastUpgradeCheck = 1020;
				ORGANIZATIONNAME = "Bruno Pastre";
				TargetAttributes = {
					D799256722A55B93008596CF = {
						CreatedOnToolsVersion = 10.2.1;
						SystemCapabilities = {
							com.apple.InAppPurchase = {
								enabled = 1;
							};
							com.apple.iCloud = {
								enabled = 1;
							};
						};
					};
					D799258122A55B94008596CF = {
						CreatedOnToolsVersion = 10.2.1;
						TestTargetID = D799256722A55B93008596CF;
					};
					D799258C22A55B94008596CF = {
						CreatedOnToolsVersion = 10.2.1;
						TestTargetID = D799256722A55B93008596CF;
					};
				};
			};
			buildConfigurationList = D799256322A55B93008596CF /* Build configuration list for PBXProject "Color Palette" */;
			compatibilityVersion = "Xcode 9.3";
			developmentRegion = en;
			hasScannedForEncodings = 0;
			knownRegions = (
				en,
				Base,
			);
			mainGroup = D799255F22A55B93008596CF;
			productRefGroup = D799256922A55B93008596CF /* Products */;
			projectDirPath = "";
			projectRoot = "";
			targets = (
				D799256722A55B93008596CF /* Color Palette */,
				D799258122A55B94008596CF /* Color PaletteTests */,
				D799258C22A55B94008596CF /* Color PaletteUITests */,
			);
		};
/* End PBXProject section */

/* Begin PBXResourcesBuildPhase section */
		D799256622A55B93008596CF /* Resources */ = {
			isa = PBXResourcesBuildPhase;
			buildActionMask = 2147483647;
			files = (
				D799257B22A55B94008596CF /* LaunchScreen.storyboard in Resources */,
				D788ABBB2385905000715522 /* GoogleService-Info.plist in Resources */,
				D799257822A55B94008596CF /* Assets.xcassets in Resources */,
				D799257622A55B94008596CF /* Main.storyboard in Resources */,
			);
			runOnlyForDeploymentPostprocessing = 0;
		};
		D799258022A55B94008596CF /* Resources */ = {
			isa = PBXResourcesBuildPhase;
			buildActionMask = 2147483647;
			files = (
			);
			runOnlyForDeploymentPostprocessing = 0;
		};
		D799258B22A55B94008596CF /* Resources */ = {
			isa = PBXResourcesBuildPhase;
			buildActionMask = 2147483647;
			files = (
			);
			runOnlyForDeploymentPostprocessing = 0;
		};
/* End PBXResourcesBuildPhase section */

/* Begin PBXShellScriptBuildPhase section */
		6DC08F9D07E5D405C614F95C /* [CP] Embed Pods Frameworks */ = {
			isa = PBXShellScriptBuildPhase;
			buildActionMask = 2147483647;
			files = (
			);
			inputFileListPaths = (
				"${PODS_ROOT}/Target Support Files/Pods-Color Palette/Pods-Color Palette-frameworks-${CONFIGURATION}-input-files.xcfilelist",
			);
			name = "[CP] Embed Pods Frameworks";
			outputFileListPaths = (
				"${PODS_ROOT}/Target Support Files/Pods-Color Palette/Pods-Color Palette-frameworks-${CONFIGURATION}-output-files.xcfilelist",
			);
			runOnlyForDeploymentPostprocessing = 0;
			shellPath = /bin/sh;
			shellScript = "\"${PODS_ROOT}/Target Support Files/Pods-Color Palette/Pods-Color Palette-frameworks.sh\"\n";
			showEnvVarsInLog = 0;
		};
		797B175045ECAEFA2A84CCAD /* [CP] Embed Pods Frameworks */ = {
			isa = PBXShellScriptBuildPhase;
			buildActionMask = 2147483647;
			files = (
			);
			inputFileListPaths = (
				"${PODS_ROOT}/Target Support Files/Pods-Color Palette-Color PaletteUITests/Pods-Color Palette-Color PaletteUITests-frameworks-${CONFIGURATION}-input-files.xcfilelist",
			);
			name = "[CP] Embed Pods Frameworks";
			outputFileListPaths = (
				"${PODS_ROOT}/Target Support Files/Pods-Color Palette-Color PaletteUITests/Pods-Color Palette-Color PaletteUITests-frameworks-${CONFIGURATION}-output-files.xcfilelist",
			);
			runOnlyForDeploymentPostprocessing = 0;
			shellPath = /bin/sh;
			shellScript = "\"${PODS_ROOT}/Target Support Files/Pods-Color Palette-Color PaletteUITests/Pods-Color Palette-Color PaletteUITests-frameworks.sh\"\n";
			showEnvVarsInLog = 0;
		};
		8C7288F3D35CF324C2F57A9F /* [CP] Check Pods Manifest.lock */ = {
			isa = PBXShellScriptBuildPhase;
			buildActionMask = 2147483647;
			files = (
			);
			inputFileListPaths = (
			);
			inputPaths = (
				"${PODS_PODFILE_DIR_PATH}/Podfile.lock",
				"${PODS_ROOT}/Manifest.lock",
			);
			name = "[CP] Check Pods Manifest.lock";
			outputFileListPaths = (
			);
			outputPaths = (
				"$(DERIVED_FILE_DIR)/Pods-Color Palette-Color PaletteUITests-checkManifestLockResult.txt",
			);
			runOnlyForDeploymentPostprocessing = 0;
			shellPath = /bin/sh;
			shellScript = "diff \"${PODS_PODFILE_DIR_PATH}/Podfile.lock\" \"${PODS_ROOT}/Manifest.lock\" > /dev/null\nif [ $? != 0 ] ; then\n    # print error to STDERR\n    echo \"error: The sandbox is not in sync with the Podfile.lock. Run 'pod install' or update your CocoaPods installation.\" >&2\n    exit 1\nfi\n# This output is used by Xcode 'outputs' to avoid re-running this script phase.\necho \"SUCCESS\" > \"${SCRIPT_OUTPUT_FILE_0}\"\n";
			showEnvVarsInLog = 0;
		};
		D9185B6F7B35FC6E1D212BE7 /* [CP] Check Pods Manifest.lock */ = {
			isa = PBXShellScriptBuildPhase;
			buildActionMask = 2147483647;
			files = (
			);
			inputFileListPaths = (
			);
			inputPaths = (
				"${PODS_PODFILE_DIR_PATH}/Podfile.lock",
				"${PODS_ROOT}/Manifest.lock",
			);
			name = "[CP] Check Pods Manifest.lock";
			outputFileListPaths = (
			);
			outputPaths = (
				"$(DERIVED_FILE_DIR)/Pods-Color Palette-checkManifestLockResult.txt",
			);
			runOnlyForDeploymentPostprocessing = 0;
			shellPath = /bin/sh;
			shellScript = "diff \"${PODS_PODFILE_DIR_PATH}/Podfile.lock\" \"${PODS_ROOT}/Manifest.lock\" > /dev/null\nif [ $? != 0 ] ; then\n    # print error to STDERR\n    echo \"error: The sandbox is not in sync with the Podfile.lock. Run 'pod install' or update your CocoaPods installation.\" >&2\n    exit 1\nfi\n# This output is used by Xcode 'outputs' to avoid re-running this script phase.\necho \"SUCCESS\" > \"${SCRIPT_OUTPUT_FILE_0}\"\n";
			showEnvVarsInLog = 0;
		};
		E1C71EA5491098DDC9BD6FA3 /* [CP] Check Pods Manifest.lock */ = {
			isa = PBXShellScriptBuildPhase;
			buildActionMask = 2147483647;
			files = (
			);
			inputFileListPaths = (
			);
			inputPaths = (
				"${PODS_PODFILE_DIR_PATH}/Podfile.lock",
				"${PODS_ROOT}/Manifest.lock",
			);
			name = "[CP] Check Pods Manifest.lock";
			outputFileListPaths = (
			);
			outputPaths = (
				"$(DERIVED_FILE_DIR)/Pods-Color PaletteTests-checkManifestLockResult.txt",
			);
			runOnlyForDeploymentPostprocessing = 0;
			shellPath = /bin/sh;
			shellScript = "diff \"${PODS_PODFILE_DIR_PATH}/Podfile.lock\" \"${PODS_ROOT}/Manifest.lock\" > /dev/null\nif [ $? != 0 ] ; then\n    # print error to STDERR\n    echo \"error: The sandbox is not in sync with the Podfile.lock. Run 'pod install' or update your CocoaPods installation.\" >&2\n    exit 1\nfi\n# This output is used by Xcode 'outputs' to avoid re-running this script phase.\necho \"SUCCESS\" > \"${SCRIPT_OUTPUT_FILE_0}\"\n";
			showEnvVarsInLog = 0;
		};
/* End PBXShellScriptBuildPhase section */

/* Begin PBXSourcesBuildPhase section */
		D799256422A55B93008596CF /* Sources */ = {
			isa = PBXSourcesBuildPhase;
			buildActionMask = 2147483647;
			files = (
				D72E9B4E22ACC5730080A045 /* ColorActivityItemProvider.swift in Sources */,
				D799256E22A55B93008596CF /* Shaders.metal in Sources */,
				D70116C522A9993800E5B6F7 /* ColorCollectionViewCell.swift in Sources */,
				D799257122A55B93008596CF /* Renderer.swift in Sources */,
				D799257322A55B94008596CF /* ExploreViewController.swift in Sources */,
				D70116C322A971FB00E5B6F7 /* ColorDetailViewController.swift in Sources */,
				D7D3B26D23371E3F005A5A60 /* StoreObserver.swift in Sources */,
				D76890A422A853760035A8FD /* PaletteCollectionViewCell.swift in Sources */,
				D7E5EFFB22A7367D00E0C956 /* Overlay.swift in Sources */,
				D70116BE22A8A25300E5B6F7 /* PaletteGenerator.swift in Sources */,
				D761A72022AAB40300EF6896 /* BaseColorCollectionViewCell.swift in Sources */,
				D73A4A3E22CFBD8F004D5E3F /* BallLongPressGestureRecognizer.swift in Sources */,
				D7ACB2C022ABEA460070F086 /* Sketch.swift in Sources */,
				D799256C22A55B93008596CF /* AppDelegate.swift in Sources */,
				D702C03822A635F200CDD45B /* RGBA.swift in Sources */,
				D70116C022A8A29A00E5B6F7 /* HSV.swift in Sources */,
				D7EF368622AFF53D006AF846 /* DebugViewController.swift in Sources */,
				D7ACB2C222AC9AE70070F086 /* PaletteActivityItemProvider.swift in Sources */,
				D778A61E23D06F2800336B5D /* AnalyticsWrapper.swift in Sources */,
				D76890A222A8493C0035A8FD /* ColorsViewController.swift in Sources */,
				D76890A022A848530035A8FD /* HarmonyProvider.swift in Sources */,
				D7E55A8922A9DE3F008A2CEA /* Palette.swift in Sources */,
				D7AAAEB022CC50140017A280 /* Tutorial.swift in Sources */,
				D7EF368422AFF1B7006AF846 /* Serialize.swift in Sources */,
			);
			runOnlyForDeploymentPostprocessing = 0;
		};
		D799257E22A55B94008596CF /* Sources */ = {
			isa = PBXSourcesBuildPhase;
			buildActionMask = 2147483647;
			files = (
				D799258722A55B94008596CF /* Color_PaletteTests.swift in Sources */,
			);
			runOnlyForDeploymentPostprocessing = 0;
		};
		D799258922A55B94008596CF /* Sources */ = {
			isa = PBXSourcesBuildPhase;
			buildActionMask = 2147483647;
			files = (
				D799259222A55B94008596CF /* Color_PaletteUITests.swift in Sources */,
			);
			runOnlyForDeploymentPostprocessing = 0;
		};
/* End PBXSourcesBuildPhase section */

/* Begin PBXTargetDependency section */
		D799258422A55B94008596CF /* PBXTargetDependency */ = {
			isa = PBXTargetDependency;
			target = D799256722A55B93008596CF /* Color Palette */;
			targetProxy = D799258322A55B94008596CF /* PBXContainerItemProxy */;
		};
		D799258F22A55B94008596CF /* PBXTargetDependency */ = {
			isa = PBXTargetDependency;
			target = D799256722A55B93008596CF /* Color Palette */;
			targetProxy = D799258E22A55B94008596CF /* PBXContainerItemProxy */;
		};
/* End PBXTargetDependency section */

/* Begin PBXVariantGroup section */
		D799257422A55B94008596CF /* Main.storyboard */ = {
			isa = PBXVariantGroup;
			children = (
				D799257522A55B94008596CF /* Base */,
			);
			name = Main.storyboard;
			sourceTree = "<group>";
		};
		D799257922A55B94008596CF /* LaunchScreen.storyboard */ = {
			isa = PBXVariantGroup;
			children = (
				D799257A22A55B94008596CF /* Base */,
			);
			name = LaunchScreen.storyboard;
			sourceTree = "<group>";
		};
/* End PBXVariantGroup section */

/* Begin XCBuildConfiguration section */
		D799259422A55B94008596CF /* Debug */ = {
			isa = XCBuildConfiguration;
			buildSettings = {
				ALWAYS_SEARCH_USER_PATHS = NO;
				CLANG_ANALYZER_NONNULL = YES;
				CLANG_ANALYZER_NUMBER_OBJECT_CONVERSION = YES_AGGRESSIVE;
				CLANG_CXX_LANGUAGE_STANDARD = "gnu++14";
				CLANG_CXX_LIBRARY = "libc++";
				CLANG_ENABLE_MODULES = YES;
				CLANG_ENABLE_OBJC_ARC = YES;
				CLANG_ENABLE_OBJC_WEAK = YES;
				CLANG_WARN_BLOCK_CAPTURE_AUTORELEASING = YES;
				CLANG_WARN_BOOL_CONVERSION = YES;
				CLANG_WARN_COMMA = YES;
				CLANG_WARN_CONSTANT_CONVERSION = YES;
				CLANG_WARN_DEPRECATED_OBJC_IMPLEMENTATIONS = YES;
				CLANG_WARN_DIRECT_OBJC_ISA_USAGE = YES_ERROR;
				CLANG_WARN_DOCUMENTATION_COMMENTS = YES;
				CLANG_WARN_EMPTY_BODY = YES;
				CLANG_WARN_ENUM_CONVERSION = YES;
				CLANG_WARN_INFINITE_RECURSION = YES;
				CLANG_WARN_INT_CONVERSION = YES;
				CLANG_WARN_NON_LITERAL_NULL_CONVERSION = YES;
				CLANG_WARN_OBJC_IMPLICIT_RETAIN_SELF = YES;
				CLANG_WARN_OBJC_LITERAL_CONVERSION = YES;
				CLANG_WARN_OBJC_ROOT_CLASS = YES_ERROR;
				CLANG_WARN_RANGE_LOOP_ANALYSIS = YES;
				CLANG_WARN_STRICT_PROTOTYPES = YES;
				CLANG_WARN_SUSPICIOUS_MOVE = YES;
				CLANG_WARN_UNGUARDED_AVAILABILITY = YES_AGGRESSIVE;
				CLANG_WARN_UNREACHABLE_CODE = YES;
				CLANG_WARN__DUPLICATE_METHOD_MATCH = YES;
				CODE_SIGN_IDENTITY = "iPhone Developer";
				COPY_PHASE_STRIP = NO;
				DEBUG_INFORMATION_FORMAT = dwarf;
				ENABLE_STRICT_OBJC_MSGSEND = YES;
				ENABLE_TESTABILITY = YES;
				GCC_C_LANGUAGE_STANDARD = gnu11;
				GCC_DYNAMIC_NO_PIC = NO;
				GCC_NO_COMMON_BLOCKS = YES;
				GCC_OPTIMIZATION_LEVEL = 0;
				GCC_PREPROCESSOR_DEFINITIONS = (
					"DEBUG=1",
					"$(inherited)",
				);
				GCC_WARN_64_TO_32_BIT_CONVERSION = YES;
				GCC_WARN_ABOUT_RETURN_TYPE = YES_ERROR;
				GCC_WARN_UNDECLARED_SELECTOR = YES;
				GCC_WARN_UNINITIALIZED_AUTOS = YES_AGGRESSIVE;
				GCC_WARN_UNUSED_FUNCTION = YES;
				GCC_WARN_UNUSED_VARIABLE = YES;
				IPHONEOS_DEPLOYMENT_TARGET = 13.0;
				MTL_ENABLE_DEBUG_INFO = INCLUDE_SOURCE;
				MTL_FAST_MATH = YES;
				ONLY_ACTIVE_ARCH = YES;
				SDKROOT = iphoneos;
				SWIFT_ACTIVE_COMPILATION_CONDITIONS = DEBUG;
				SWIFT_OPTIMIZATION_LEVEL = "-Onone";
			};
			name = Debug;
		};
		D799259522A55B94008596CF /* Release */ = {
			isa = XCBuildConfiguration;
			buildSettings = {
				ALWAYS_SEARCH_USER_PATHS = NO;
				CLANG_ANALYZER_NONNULL = YES;
				CLANG_ANALYZER_NUMBER_OBJECT_CONVERSION = YES_AGGRESSIVE;
				CLANG_CXX_LANGUAGE_STANDARD = "gnu++14";
				CLANG_CXX_LIBRARY = "libc++";
				CLANG_ENABLE_MODULES = YES;
				CLANG_ENABLE_OBJC_ARC = YES;
				CLANG_ENABLE_OBJC_WEAK = YES;
				CLANG_WARN_BLOCK_CAPTURE_AUTORELEASING = YES;
				CLANG_WARN_BOOL_CONVERSION = YES;
				CLANG_WARN_COMMA = YES;
				CLANG_WARN_CONSTANT_CONVERSION = YES;
				CLANG_WARN_DEPRECATED_OBJC_IMPLEMENTATIONS = YES;
				CLANG_WARN_DIRECT_OBJC_ISA_USAGE = YES_ERROR;
				CLANG_WARN_DOCUMENTATION_COMMENTS = YES;
				CLANG_WARN_EMPTY_BODY = YES;
				CLANG_WARN_ENUM_CONVERSION = YES;
				CLANG_WARN_INFINITE_RECURSION = YES;
				CLANG_WARN_INT_CONVERSION = YES;
				CLANG_WARN_NON_LITERAL_NULL_CONVERSION = YES;
				CLANG_WARN_OBJC_IMPLICIT_RETAIN_SELF = YES;
				CLANG_WARN_OBJC_LITERAL_CONVERSION = YES;
				CLANG_WARN_OBJC_ROOT_CLASS = YES_ERROR;
				CLANG_WARN_RANGE_LOOP_ANALYSIS = YES;
				CLANG_WARN_STRICT_PROTOTYPES = YES;
				CLANG_WARN_SUSPICIOUS_MOVE = YES;
				CLANG_WARN_UNGUARDED_AVAILABILITY = YES_AGGRESSIVE;
				CLANG_WARN_UNREACHABLE_CODE = YES;
				CLANG_WARN__DUPLICATE_METHOD_MATCH = YES;
				CODE_SIGN_IDENTITY = "iPhone Developer";
				COPY_PHASE_STRIP = NO;
				DEBUG_INFORMATION_FORMAT = "dwarf-with-dsym";
				ENABLE_NS_ASSERTIONS = NO;
				ENABLE_STRICT_OBJC_MSGSEND = YES;
				GCC_C_LANGUAGE_STANDARD = gnu11;
				GCC_NO_COMMON_BLOCKS = YES;
				GCC_WARN_64_TO_32_BIT_CONVERSION = YES;
				GCC_WARN_ABOUT_RETURN_TYPE = YES_ERROR;
				GCC_WARN_UNDECLARED_SELECTOR = YES;
				GCC_WARN_UNINITIALIZED_AUTOS = YES_AGGRESSIVE;
				GCC_WARN_UNUSED_FUNCTION = YES;
				GCC_WARN_UNUSED_VARIABLE = YES;
				IPHONEOS_DEPLOYMENT_TARGET = 13.0;
				MTL_ENABLE_DEBUG_INFO = NO;
				MTL_FAST_MATH = YES;
				SDKROOT = iphoneos;
				SWIFT_COMPILATION_MODE = wholemodule;
				SWIFT_OPTIMIZATION_LEVEL = "-O";
				VALIDATE_PRODUCT = YES;
			};
			name = Release;
		};
		D799259722A55B94008596CF /* Debug */ = {
			isa = XCBuildConfiguration;
			baseConfigurationReference = 3BF11392F93CA46B9E4AD3EB /* Pods-Color Palette.debug.xcconfig */;
			buildSettings = {
				ASSETCATALOG_COMPILER_APPICON_NAME = AppIcon;
				CODE_SIGN_ENTITLEMENTS = "Color Palette/Color Palette.entitlements";
				CODE_SIGN_STYLE = Automatic;
				CURRENT_PROJECT_VERSION = 1;
				DEVELOPMENT_TEAM = QM43B7QRF9;
				INFOPLIST_FILE = "Color Palette/Info.plist";
				IPHONEOS_DEPLOYMENT_TARGET = 11.0;
				LD_RUNPATH_SEARCH_PATHS = (
					"$(inherited)",
					"@executable_path/Frameworks",
				);
				MARKETING_VERSION = 4;
				PRODUCT_BUNDLE_IDENTIFIER = io.github.pastre.harmonify;
				PRODUCT_NAME = Harmonify;
				SWIFT_OBJC_BRIDGING_HEADER = "Color Palette/Color_Palette-Bridging-Header.h";
				SWIFT_VERSION = 5.0;
				TARGETED_DEVICE_FAMILY = "1,2";
			};
			name = Debug;
		};
		D799259822A55B94008596CF /* Release */ = {
			isa = XCBuildConfiguration;
			baseConfigurationReference = 21E3147A590120DB98FB0EB4 /* Pods-Color Palette.release.xcconfig */;
			buildSettings = {
				ASSETCATALOG_COMPILER_APPICON_NAME = AppIcon;
				CODE_SIGN_ENTITLEMENTS = "Color Palette/Color Palette.entitlements";
				CODE_SIGN_STYLE = Automatic;
				CURRENT_PROJECT_VERSION = 1;
				DEVELOPMENT_TEAM = QM43B7QRF9;
				INFOPLIST_FILE = "Color Palette/Info.plist";
				IPHONEOS_DEPLOYMENT_TARGET = 11.0;
				LD_RUNPATH_SEARCH_PATHS = (
					"$(inherited)",
					"@executable_path/Frameworks",
				);
				MARKETING_VERSION = 4;
				PRODUCT_BUNDLE_IDENTIFIER = io.github.pastre.harmonify;
				PRODUCT_NAME = Harmonify;
				SWIFT_OBJC_BRIDGING_HEADER = "Color Palette/Color_Palette-Bridging-Header.h";
				SWIFT_VERSION = 5.0;
				TARGETED_DEVICE_FAMILY = "1,2";
			};
			name = Release;
		};
		D799259A22A55B94008596CF /* Debug */ = {
			isa = XCBuildConfiguration;
			baseConfigurationReference = F43A569212652BB47B7CC83B /* Pods-Color PaletteTests.debug.xcconfig */;
			buildSettings = {
				ALWAYS_EMBED_SWIFT_STANDARD_LIBRARIES = YES;
				BUNDLE_LOADER = "$(TEST_HOST)";
				CODE_SIGN_STYLE = Automatic;
				DEVELOPMENT_TEAM = QM43B7QRF9;
				INFOPLIST_FILE = "Color PaletteTests/Info.plist";
				LD_RUNPATH_SEARCH_PATHS = (
					"$(inherited)",
					"@executable_path/Frameworks",
					"@loader_path/Frameworks",
				);
				PRODUCT_BUNDLE_IDENTIFIER = "io.github.pastre.Color-PaletteTests";
				PRODUCT_NAME = "$(TARGET_NAME)";
				SWIFT_VERSION = 5.0;
				TARGETED_DEVICE_FAMILY = "1,2";
				TEST_HOST = "$(BUILT_PRODUCTS_DIR)/Color Palette.app/Color Palette";
			};
			name = Debug;
		};
		D799259B22A55B94008596CF /* Release */ = {
			isa = XCBuildConfiguration;
			baseConfigurationReference = 68E35DA96675D41977A6D734 /* Pods-Color PaletteTests.release.xcconfig */;
			buildSettings = {
				ALWAYS_EMBED_SWIFT_STANDARD_LIBRARIES = YES;
				BUNDLE_LOADER = "$(TEST_HOST)";
				CODE_SIGN_STYLE = Automatic;
				DEVELOPMENT_TEAM = QM43B7QRF9;
				INFOPLIST_FILE = "Color PaletteTests/Info.plist";
				LD_RUNPATH_SEARCH_PATHS = (
					"$(inherited)",
					"@executable_path/Frameworks",
					"@loader_path/Frameworks",
				);
				PRODUCT_BUNDLE_IDENTIFIER = "io.github.pastre.Color-PaletteTests";
				PRODUCT_NAME = "$(TARGET_NAME)";
				SWIFT_VERSION = 5.0;
				TARGETED_DEVICE_FAMILY = "1,2";
				TEST_HOST = "$(BUILT_PRODUCTS_DIR)/Color Palette.app/Color Palette";
			};
			name = Release;
		};
		D799259D22A55B94008596CF /* Debug */ = {
			isa = XCBuildConfiguration;
			baseConfigurationReference = 7B1790A86465C7139B03AEE6 /* Pods-Color Palette-Color PaletteUITests.debug.xcconfig */;
			buildSettings = {
				ALWAYS_EMBED_SWIFT_STANDARD_LIBRARIES = YES;
				CODE_SIGN_STYLE = Automatic;
				DEVELOPMENT_TEAM = QM43B7QRF9;
				INFOPLIST_FILE = "Color PaletteUITests/Info.plist";
				LD_RUNPATH_SEARCH_PATHS = (
					"$(inherited)",
					"@executable_path/Frameworks",
					"@loader_path/Frameworks",
				);
				PRODUCT_BUNDLE_IDENTIFIER = "io.github.pastre.Color-PaletteUITests";
				PRODUCT_NAME = "$(TARGET_NAME)";
				SWIFT_VERSION = 5.0;
				TARGETED_DEVICE_FAMILY = "1,2";
				TEST_TARGET_NAME = "Color Palette";
			};
			name = Debug;
		};
		D799259E22A55B94008596CF /* Release */ = {
			isa = XCBuildConfiguration;
			baseConfigurationReference = 46DEAA395B90F373E5DF469E /* Pods-Color Palette-Color PaletteUITests.release.xcconfig */;
			buildSettings = {
				ALWAYS_EMBED_SWIFT_STANDARD_LIBRARIES = YES;
				CODE_SIGN_STYLE = Automatic;
				DEVELOPMENT_TEAM = QM43B7QRF9;
				INFOPLIST_FILE = "Color PaletteUITests/Info.plist";
				LD_RUNPATH_SEARCH_PATHS = (
					"$(inherited)",
					"@executable_path/Frameworks",
					"@loader_path/Frameworks",
				);
				PRODUCT_BUNDLE_IDENTIFIER = "io.github.pastre.Color-PaletteUITests";
				PRODUCT_NAME = "$(TARGET_NAME)";
				SWIFT_VERSION = 5.0;
				TARGETED_DEVICE_FAMILY = "1,2";
				TEST_TARGET_NAME = "Color Palette";
			};
			name = Release;
		};
/* End XCBuildConfiguration section */

/* Begin XCConfigurationList section */
		D799256322A55B93008596CF /* Build configuration list for PBXProject "Color Palette" */ = {
			isa = XCConfigurationList;
			buildConfigurations = (
				D799259422A55B94008596CF /* Debug */,
				D799259522A55B94008596CF /* Release */,
			);
			defaultConfigurationIsVisible = 0;
			defaultConfigurationName = Release;
		};
		D799259622A55B94008596CF /* Build configuration list for PBXNativeTarget "Color Palette" */ = {
			isa = XCConfigurationList;
			buildConfigurations = (
				D799259722A55B94008596CF /* Debug */,
				D799259822A55B94008596CF /* Release */,
			);
			defaultConfigurationIsVisible = 0;
			defaultConfigurationName = Release;
		};
		D799259922A55B94008596CF /* Build configuration list for PBXNativeTarget "Color PaletteTests" */ = {
			isa = XCConfigurationList;
			buildConfigurations = (
				D799259A22A55B94008596CF /* Debug */,
				D799259B22A55B94008596CF /* Release */,
			);
			defaultConfigurationIsVisible = 0;
			defaultConfigurationName = Release;
		};
		D799259C22A55B94008596CF /* Build configuration list for PBXNativeTarget "Color PaletteUITests" */ = {
			isa = XCConfigurationList;
			buildConfigurations = (
				D799259D22A55B94008596CF /* Debug */,
				D799259E22A55B94008596CF /* Release */,
			);
			defaultConfigurationIsVisible = 0;
			defaultConfigurationName = Release;
		};
/* End XCConfigurationList section */
	};
	rootObject = D799256022A55B93008596CF /* Project object */;
}
